// !$*UTF8*$!
{
	archiveVersion = 1;
	classes = {
	};
	objectVersion = 50;
	objects = {

/* Begin PBXBuildFile section */
		8F4A61E825546A8800F59C73 /* AppDelegate.swift in Sources */ = {isa = PBXBuildFile; fileRef = 8F4A61E725546A8800F59C73 /* AppDelegate.swift */; };
		8F4A61EA25546A8800F59C73 /* GameScene.sks in Resources */ = {isa = PBXBuildFile; fileRef = 8F4A61E925546A8800F59C73 /* GameScene.sks */; };
		8F4A61EC25546A8800F59C73 /* Actions.sks in Resources */ = {isa = PBXBuildFile; fileRef = 8F4A61EB25546A8800F59C73 /* Actions.sks */; };
		8F4A61EE25546A8800F59C73 /* GameScene.swift in Sources */ = {isa = PBXBuildFile; fileRef = 8F4A61ED25546A8800F59C73 /* GameScene.swift */; };
		8F4A61F025546A8800F59C73 /* GameViewController.swift in Sources */ = {isa = PBXBuildFile; fileRef = 8F4A61EF25546A8800F59C73 /* GameViewController.swift */; };
		8F4A61F325546A8800F59C73 /* Main.storyboard in Resources */ = {isa = PBXBuildFile; fileRef = 8F4A61F125546A8800F59C73 /* Main.storyboard */; };
		8F4A61F525546A8800F59C73 /* Assets.xcassets in Resources */ = {isa = PBXBuildFile; fileRef = 8F4A61F425546A8800F59C73 /* Assets.xcassets */; };
		8F4A620025546A8800F59C73 /* DaPVGTests.swift in Sources */ = {isa = PBXBuildFile; fileRef = 8F4A61FF25546A8800F59C73 /* DaPVGTests.swift */; };
		8F4A620B25546A8800F59C73 /* DaPVGUITests.swift in Sources */ = {isa = PBXBuildFile; fileRef = 8F4A620A25546A8800F59C73 /* DaPVGUITests.swift */; };
/* End PBXBuildFile section */

/* Begin PBXContainerItemProxy section */
		8F4A61FC25546A8800F59C73 /* PBXContainerItemProxy */ = {
			isa = PBXContainerItemProxy;
			containerPortal = 8F4A61DC25546A8700F59C73 /* Project object */;
			proxyType = 1;
			remoteGlobalIDString = 8F4A61E325546A8800F59C73;
			remoteInfo = DaPVG;
		};
		8F4A620725546A8800F59C73 /* PBXContainerItemProxy */ = {
			isa = PBXContainerItemProxy;
			containerPortal = 8F4A61DC25546A8700F59C73 /* Project object */;
			proxyType = 1;
			remoteGlobalIDString = 8F4A61E325546A8800F59C73;
			remoteInfo = DaPVG;
		};
/* End PBXContainerItemProxy section */

/* Begin PBXFileReference section */
		8F4A61E425546A8800F59C73 /* DaPVG.app */ = {isa = PBXFileReference; explicitFileType = wrapper.application; includeInIndex = 0; path = DaPVG.app; sourceTree = BUILT_PRODUCTS_DIR; };
		8F4A61E725546A8800F59C73 /* AppDelegate.swift */ = {isa = PBXFileReference; lastKnownFileType = sourcecode.swift; path = AppDelegate.swift; sourceTree = "<group>"; };
		8F4A61E925546A8800F59C73 /* GameScene.sks */ = {isa = PBXFileReference; lastKnownFileType = file.sks; path = GameScene.sks; sourceTree = "<group>"; };
		8F4A61EB25546A8800F59C73 /* Actions.sks */ = {isa = PBXFileReference; lastKnownFileType = file.sks; path = Actions.sks; sourceTree = "<group>"; };
		8F4A61ED25546A8800F59C73 /* GameScene.swift */ = {isa = PBXFileReference; lastKnownFileType = sourcecode.swift; path = GameScene.swift; sourceTree = "<group>"; };
		8F4A61EF25546A8800F59C73 /* GameViewController.swift */ = {isa = PBXFileReference; lastKnownFileType = sourcecode.swift; path = GameViewController.swift; sourceTree = "<group>"; };
		8F4A61F225546A8800F59C73 /* Base */ = {isa = PBXFileReference; lastKnownFileType = file.storyboard; name = Base; path = Base.lproj/Main.storyboard; sourceTree = "<group>"; };
		8F4A61F425546A8800F59C73 /* Assets.xcassets */ = {isa = PBXFileReference; lastKnownFileType = folder.assetcatalog; path = Assets.xcassets; sourceTree = "<group>"; };
		8F4A61F625546A8800F59C73 /* Info.plist */ = {isa = PBXFileReference; lastKnownFileType = text.plist.xml; path = Info.plist; sourceTree = "<group>"; };
		8F4A61FB25546A8800F59C73 /* DaPVGTests.xctest */ = {isa = PBXFileReference; explicitFileType = wrapper.cfbundle; includeInIndex = 0; path = DaPVGTests.xctest; sourceTree = BUILT_PRODUCTS_DIR; };
		8F4A61FF25546A8800F59C73 /* DaPVGTests.swift */ = {isa = PBXFileReference; lastKnownFileType = sourcecode.swift; path = DaPVGTests.swift; sourceTree = "<group>"; };
		8F4A620125546A8800F59C73 /* Info.plist */ = {isa = PBXFileReference; lastKnownFileType = text.plist.xml; path = Info.plist; sourceTree = "<group>"; };
		8F4A620625546A8800F59C73 /* DaPVGUITests.xctest */ = {isa = PBXFileReference; explicitFileType = wrapper.cfbundle; includeInIndex = 0; path = DaPVGUITests.xctest; sourceTree = BUILT_PRODUCTS_DIR; };
		8F4A620A25546A8800F59C73 /* DaPVGUITests.swift */ = {isa = PBXFileReference; lastKnownFileType = sourcecode.swift; path = DaPVGUITests.swift; sourceTree = "<group>"; };
		8F4A620C25546A8800F59C73 /* Info.plist */ = {isa = PBXFileReference; lastKnownFileType = text.plist.xml; path = Info.plist; sourceTree = "<group>"; };
/* End PBXFileReference section */

/* Begin PBXFrameworksBuildPhase section */
		8F4A61E125546A8800F59C73 /* Frameworks */ = {
			isa = PBXFrameworksBuildPhase;
			buildActionMask = 2147483647;
			files = (
			);
			runOnlyForDeploymentPostprocessing = 0;
		};
		8F4A61F825546A8800F59C73 /* Frameworks */ = {
			isa = PBXFrameworksBuildPhase;
			buildActionMask = 2147483647;
			files = (
			);
			runOnlyForDeploymentPostprocessing = 0;
		};
		8F4A620325546A8800F59C73 /* Frameworks */ = {
			isa = PBXFrameworksBuildPhase;
			buildActionMask = 2147483647;
			files = (
			);
			runOnlyForDeploymentPostprocessing = 0;
		};
/* End PBXFrameworksBuildPhase section */

/* Begin PBXGroup section */
		8F4A61DB25546A8700F59C73 = {
			isa = PBXGroup;
			children = (
				8F4A61E625546A8800F59C73 /* DaPVG */,
				8F4A61FE25546A8800F59C73 /* DaPVGTests */,
				8F4A620925546A8800F59C73 /* DaPVGUITests */,
				8F4A61E525546A8800F59C73 /* Products */,
			);
			sourceTree = "<group>";
		};
		8F4A61E525546A8800F59C73 /* Products */ = {
			isa = PBXGroup;
			children = (
				8F4A61E425546A8800F59C73 /* DaPVG.app */,
				8F4A61FB25546A8800F59C73 /* DaPVGTests.xctest */,
				8F4A620625546A8800F59C73 /* DaPVGUITests.xctest */,
			);
			name = Products;
			sourceTree = "<group>";
		};
		8F4A61E625546A8800F59C73 /* DaPVG */ = {
			isa = PBXGroup;
			children = (
				8F4A61E725546A8800F59C73 /* AppDelegate.swift */,
				8F4A61E925546A8800F59C73 /* GameScene.sks */,
				8F4A61EB25546A8800F59C73 /* Actions.sks */,
				8F4A61ED25546A8800F59C73 /* GameScene.swift */,
				8F4A61EF25546A8800F59C73 /* GameViewController.swift */,
				8F4A61F125546A8800F59C73 /* Main.storyboard */,
				8F4A61F425546A8800F59C73 /* Assets.xcassets */,
				8F4A61F625546A8800F59C73 /* Info.plist */,
			);
			path = DaPVG;
			sourceTree = "<group>";
		};
		8F4A61FE25546A8800F59C73 /* DaPVGTests */ = {
			isa = PBXGroup;
			children = (
				8F4A61FF25546A8800F59C73 /* DaPVGTests.swift */,
				8F4A620125546A8800F59C73 /* Info.plist */,
			);
			path = DaPVGTests;
			sourceTree = "<group>";
		};
		8F4A620925546A8800F59C73 /* DaPVGUITests */ = {
			isa = PBXGroup;
			children = (
				8F4A620A25546A8800F59C73 /* DaPVGUITests.swift */,
				8F4A620C25546A8800F59C73 /* Info.plist */,
			);
			path = DaPVGUITests;
			sourceTree = "<group>";
		};
/* End PBXGroup section */

/* Begin PBXNativeTarget section */
		8F4A61E325546A8800F59C73 /* DaPVG */ = {
			isa = PBXNativeTarget;
			buildConfigurationList = 8F4A620F25546A8800F59C73 /* Build configuration list for PBXNativeTarget "DaPVG" */;
			buildPhases = (
				8F4A61E025546A8800F59C73 /* Sources */,
				8F4A61E125546A8800F59C73 /* Frameworks */,
				8F4A61E225546A8800F59C73 /* Resources */,
			);
			buildRules = (
			);
			dependencies = (
			);
			name = DaPVG;
			productName = DaPVG;
			productReference = 8F4A61E425546A8800F59C73 /* DaPVG.app */;
			productType = "com.apple.product-type.application";
		};
		8F4A61FA25546A8800F59C73 /* DaPVGTests */ = {
			isa = PBXNativeTarget;
			buildConfigurationList = 8F4A621225546A8800F59C73 /* Build configuration list for PBXNativeTarget "DaPVGTests" */;
			buildPhases = (
				8F4A61F725546A8800F59C73 /* Sources */,
				8F4A61F825546A8800F59C73 /* Frameworks */,
				8F4A61F925546A8800F59C73 /* Resources */,
			);
			buildRules = (
			);
			dependencies = (
				8F4A61FD25546A8800F59C73 /* PBXTargetDependency */,
			);
			name = DaPVGTests;
			productName = DaPVGTests;
			productReference = 8F4A61FB25546A8800F59C73 /* DaPVGTests.xctest */;
			productType = "com.apple.product-type.bundle.unit-test";
		};
		8F4A620525546A8800F59C73 /* DaPVGUITests */ = {
			isa = PBXNativeTarget;
			buildConfigurationList = 8F4A621525546A8800F59C73 /* Build configuration list for PBXNativeTarget "DaPVGUITests" */;
			buildPhases = (
				8F4A620225546A8800F59C73 /* Sources */,
				8F4A620325546A8800F59C73 /* Frameworks */,
				8F4A620425546A8800F59C73 /* Resources */,
			);
			buildRules = (
			);
			dependencies = (
				8F4A620825546A8800F59C73 /* PBXTargetDependency */,
			);
			name = DaPVGUITests;
			productName = DaPVGUITests;
			productReference = 8F4A620625546A8800F59C73 /* DaPVGUITests.xctest */;
			productType = "com.apple.product-type.bundle.ui-testing";
		};
/* End PBXNativeTarget section */

/* Begin PBXProject section */
		8F4A61DC25546A8700F59C73 /* Project object */ = {
			isa = PBXProject;
			attributes = {
				LastSwiftUpdateCheck = 1210;
				LastUpgradeCheck = 1210;
				TargetAttributes = {
					8F4A61E325546A8800F59C73 = {
						CreatedOnToolsVersion = 12.1;
					};
					8F4A61FA25546A8800F59C73 = {
						CreatedOnToolsVersion = 12.1;
						TestTargetID = 8F4A61E325546A8800F59C73;
					};
					8F4A620525546A8800F59C73 = {
						CreatedOnToolsVersion = 12.1;
						TestTargetID = 8F4A61E325546A8800F59C73;
					};
				};
			};
			buildConfigurationList = 8F4A61DF25546A8700F59C73 /* Build configuration list for PBXProject "DaPVG" */;
			compatibilityVersion = "Xcode 9.3";
			developmentRegion = en;
			hasScannedForEncodings = 0;
			knownRegions = (
				en,
				Base,
			);
			mainGroup = 8F4A61DB25546A8700F59C73;
			productRefGroup = 8F4A61E525546A8800F59C73 /* Products */;
			projectDirPath = "";
			projectRoot = "";
			targets = (
				8F4A61E325546A8800F59C73 /* DaPVG */,
				8F4A61FA25546A8800F59C73 /* DaPVGTests */,
				8F4A620525546A8800F59C73 /* DaPVGUITests */,
			);
		};
/* End PBXProject section */

/* Begin PBXResourcesBuildPhase section */
		8F4A61E225546A8800F59C73 /* Resources */ = {
			isa = PBXResourcesBuildPhase;
			buildActionMask = 2147483647;
			files = (
				8F4A61F325546A8800F59C73 /* Main.storyboard in Resources */,
				8F4A61EA25546A8800F59C73 /* GameScene.sks in Resources */,
				8F4A61F525546A8800F59C73 /* Assets.xcassets in Resources */,
				8F4A61EC25546A8800F59C73 /* Actions.sks in Resources */,
			);
			runOnlyForDeploymentPostprocessing = 0;
		};
		8F4A61F925546A8800F59C73 /* Resources */ = {
			isa = PBXResourcesBuildPhase;
			buildActionMask = 2147483647;
			files = (
			);
			runOnlyForDeploymentPostprocessing = 0;
		};
		8F4A620425546A8800F59C73 /* Resources */ = {
			isa = PBXResourcesBuildPhase;
			buildActionMask = 2147483647;
			files = (
			);
			runOnlyForDeploymentPostprocessing = 0;
		};
/* End PBXResourcesBuildPhase section */

/* Begin PBXSourcesBuildPhase section */
		8F4A61E025546A8800F59C73 /* Sources */ = {
			isa = PBXSourcesBuildPhase;
			buildActionMask = 2147483647;
			files = (
				8F4A61EE25546A8800F59C73 /* GameScene.swift in Sources */,
				8F4A61F025546A8800F59C73 /* GameViewController.swift in Sources */,
				8F4A61E825546A8800F59C73 /* AppDelegate.swift in Sources */,
			);
			runOnlyForDeploymentPostprocessing = 0;
		};
		8F4A61F725546A8800F59C73 /* Sources */ = {
			isa = PBXSourcesBuildPhase;
			buildActionMask = 2147483647;
			files = (
				8F4A620025546A8800F59C73 /* DaPVGTests.swift in Sources */,
			);
			runOnlyForDeploymentPostprocessing = 0;
		};
		8F4A620225546A8800F59C73 /* Sources */ = {
			isa = PBXSourcesBuildPhase;
			buildActionMask = 2147483647;
			files = (
				8F4A620B25546A8800F59C73 /* DaPVGUITests.swift in Sources */,
			);
			runOnlyForDeploymentPostprocessing = 0;
		};
/* End PBXSourcesBuildPhase section */

/* Begin PBXTargetDependency section */
		8F4A61FD25546A8800F59C73 /* PBXTargetDependency */ = {
			isa = PBXTargetDependency;
			target = 8F4A61E325546A8800F59C73 /* DaPVG */;
			targetProxy = 8F4A61FC25546A8800F59C73 /* PBXContainerItemProxy */;
		};
		8F4A620825546A8800F59C73 /* PBXTargetDependency */ = {
			isa = PBXTargetDependency;
			target = 8F4A61E325546A8800F59C73 /* DaPVG */;
			targetProxy = 8F4A620725546A8800F59C73 /* PBXContainerItemProxy */;
		};
/* End PBXTargetDependency section */

/* Begin PBXVariantGroup section */
		8F4A61F125546A8800F59C73 /* Main.storyboard */ = {
			isa = PBXVariantGroup;
			children = (
				8F4A61F225546A8800F59C73 /* Base */,
			);
			name = Main.storyboard;
			sourceTree = "<group>";
		};
/* End PBXVariantGroup section */

/* Begin XCBuildConfiguration section */
		8F4A620D25546A8800F59C73 /* Debug */ = {
			isa = XCBuildConfiguration;
			buildSettings = {
				ALWAYS_SEARCH_USER_PATHS = NO;
				CLANG_ANALYZER_NONNULL = YES;
				CLANG_ANALYZER_NUMBER_OBJECT_CONVERSION = YES_AGGRESSIVE;
				CLANG_CXX_LANGUAGE_STANDARD = "gnu++14";
				CLANG_CXX_LIBRARY = "libc++";
				CLANG_ENABLE_MODULES = YES;
				CLANG_ENABLE_OBJC_ARC = YES;
				CLANG_ENABLE_OBJC_WEAK = YES;
				CLANG_WARN_BLOCK_CAPTURE_AUTORELEASING = YES;
				CLANG_WARN_BOOL_CONVERSION = YES;
				CLANG_WARN_COMMA = YES;
				CLANG_WARN_CONSTANT_CONVERSION = YES;
				CLANG_WARN_DEPRECATED_OBJC_IMPLEMENTATIONS = YES;
				CLANG_WARN_DIRECT_OBJC_ISA_USAGE = YES_ERROR;
				CLANG_WARN_DOCUMENTATION_COMMENTS = YES;
				CLANG_WARN_EMPTY_BODY = YES;
				CLANG_WARN_ENUM_CONVERSION = YES;
				CLANG_WARN_INFINITE_RECURSION = YES;
				CLANG_WARN_INT_CONVERSION = YES;
				CLANG_WARN_NON_LITERAL_NULL_CONVERSION = YES;
				CLANG_WARN_OBJC_IMPLICIT_RETAIN_SELF = YES;
				CLANG_WARN_OBJC_LITERAL_CONVERSION = YES;
				CLANG_WARN_OBJC_ROOT_CLASS = YES_ERROR;
				CLANG_WARN_QUOTED_INCLUDE_IN_FRAMEWORK_HEADER = YES;
				CLANG_WARN_RANGE_LOOP_ANALYSIS = YES;
				CLANG_WARN_STRICT_PROTOTYPES = YES;
				CLANG_WARN_SUSPICIOUS_MOVE = YES;
				CLANG_WARN_UNGUARDED_AVAILABILITY = YES_AGGRESSIVE;
				CLANG_WARN_UNREACHABLE_CODE = YES;
				CLANG_WARN__DUPLICATE_METHOD_MATCH = YES;
				COPY_PHASE_STRIP = NO;
				DEBUG_INFORMATION_FORMAT = dwarf;
				ENABLE_STRICT_OBJC_MSGSEND = YES;
				ENABLE_TESTABILITY = YES;
				GCC_C_LANGUAGE_STANDARD = gnu11;
				GCC_DYNAMIC_NO_PIC = NO;
				GCC_NO_COMMON_BLOCKS = YES;
				GCC_OPTIMIZATION_LEVEL = 0;
				GCC_PREPROCESSOR_DEFINITIONS = (
					"DEBUG=1",
					"$(inherited)",
				);
				GCC_WARN_64_TO_32_BIT_CONVERSION = YES;
				GCC_WARN_ABOUT_RETURN_TYPE = YES_ERROR;
				GCC_WARN_UNDECLARED_SELECTOR = YES;
				GCC_WARN_UNINITIALIZED_AUTOS = YES_AGGRESSIVE;
				GCC_WARN_UNUSED_FUNCTION = YES;
				GCC_WARN_UNUSED_VARIABLE = YES;
				IPHONEOS_DEPLOYMENT_TARGET = 14.1;
				MTL_ENABLE_DEBUG_INFO = INCLUDE_SOURCE;
				MTL_FAST_MATH = YES;
				ONLY_ACTIVE_ARCH = YES;
				SDKROOT = iphoneos;
				SWIFT_ACTIVE_COMPILATION_CONDITIONS = DEBUG;
				SWIFT_OPTIMIZATION_LEVEL = "-Onone";
			};
			name = Debug;
		};
		8F4A620E25546A8800F59C73 /* Release */ = {
			isa = XCBuildConfiguration;
			buildSettings = {
				ALWAYS_SEARCH_USER_PATHS = NO;
				CLANG_ANALYZER_NONNULL = YES;
				CLANG_ANALYZER_NUMBER_OBJECT_CONVERSION = YES_AGGRESSIVE;
				CLANG_CXX_LANGUAGE_STANDARD = "gnu++14";
				CLANG_CXX_LIBRARY = "libc++";
				CLANG_ENABLE_MODULES = YES;
				CLANG_ENABLE_OBJC_ARC = YES;
				CLANG_ENABLE_OBJC_WEAK = YES;
				CLANG_WARN_BLOCK_CAPTURE_AUTORELEASING = YES;
				CLANG_WARN_BOOL_CONVERSION = YES;
				CLANG_WARN_COMMA = YES;
				CLANG_WARN_CONSTANT_CONVERSION = YES;
				CLANG_WARN_DEPRECATED_OBJC_IMPLEMENTATIONS = YES;
				CLANG_WARN_DIRECT_OBJC_ISA_USAGE = YES_ERROR;
				CLANG_WARN_DOCUMENTATION_COMMENTS = YES;
				CLANG_WARN_EMPTY_BODY = YES;
				CLANG_WARN_ENUM_CONVERSION = YES;
				CLANG_WARN_INFINITE_RECURSION = YES;
				CLANG_WARN_INT_CONVERSION = YES;
				CLANG_WARN_NON_LITERAL_NULL_CONVERSION = YES;
				CLANG_WARN_OBJC_IMPLICIT_RETAIN_SELF = YES;
				CLANG_WARN_OBJC_LITERAL_CONVERSION = YES;
				CLANG_WARN_OBJC_ROOT_CLASS = YES_ERROR;
				CLANG_WARN_QUOTED_INCLUDE_IN_FRAMEWORK_HEADER = YES;
				CLANG_WARN_RANGE_LOOP_ANALYSIS = YES;
				CLANG_WARN_STRICT_PROTOTYPES = YES;
				CLANG_WARN_SUSPICIOUS_MOVE = YES;
				CLANG_WARN_UNGUARDED_AVAILABILITY = YES_AGGRESSIVE;
				CLANG_WARN_UNREACHABLE_CODE = YES;
				CLANG_WARN__DUPLICATE_METHOD_MATCH = YES;
				COPY_PHASE_STRIP = NO;
				DEBUG_INFORMATION_FORMAT = "dwarf-with-dsym";
				ENABLE_NS_ASSERTIONS = NO;
				ENABLE_STRICT_OBJC_MSGSEND = YES;
				GCC_C_LANGUAGE_STANDARD = gnu11;
				GCC_NO_COMMON_BLOCKS = YES;
				GCC_WARN_64_TO_32_BIT_CONVERSION = YES;
				GCC_WARN_ABOUT_RETURN_TYPE = YES_ERROR;
				GCC_WARN_UNDECLARED_SELECTOR = YES;
				GCC_WARN_UNINITIALIZED_AUTOS = YES_AGGRESSIVE;
				GCC_WARN_UNUSED_FUNCTION = YES;
				GCC_WARN_UNUSED_VARIABLE = YES;
				IPHONEOS_DEPLOYMENT_TARGET = 14.1;
				MTL_ENABLE_DEBUG_INFO = NO;
				MTL_FAST_MATH = YES;
				SDKROOT = iphoneos;
				SWIFT_COMPILATION_MODE = wholemodule;
				SWIFT_OPTIMIZATION_LEVEL = "-O";
				VALIDATE_PRODUCT = YES;
			};
			name = Release;
		};
		8F4A621025546A8800F59C73 /* Debug */ = {
			isa = XCBuildConfiguration;
			buildSettings = {
				ASSETCATALOG_COMPILER_APPICON_NAME = AppIcon;
				ASSETCATALOG_COMPILER_GLOBAL_ACCENT_COLOR_NAME = AccentColor;
				CODE_SIGN_STYLE = Automatic;
				INFOPLIST_FILE = DaPVG/Info.plist;
				LD_RUNPATH_SEARCH_PATHS = (
					"$(inherited)",
					"@executable_path/Frameworks",
				);
				PRODUCT_BUNDLE_IDENTIFIER = projects.DaPVG;
				PRODUCT_NAME = "$(TARGET_NAME)";
				SWIFT_VERSION = 5.0;
				TARGETED_DEVICE_FAMILY = "1,2";
			};
			name = Debug;
		};
		8F4A621125546A8800F59C73 /* Release */ = {
			isa = XCBuildConfiguration;
			buildSettings = {
				ASSETCATALOG_COMPILER_APPICON_NAME = AppIcon;
				ASSETCATALOG_COMPILER_GLOBAL_ACCENT_COLOR_NAME = AccentColor;
				CODE_SIGN_STYLE = Automatic;
				INFOPLIST_FILE = DaPVG/Info.plist;
				LD_RUNPATH_SEARCH_PATHS = (
					"$(inherited)",
					"@executable_path/Frameworks",
				);
				PRODUCT_BUNDLE_IDENTIFIER = projects.DaPVG;
				PRODUCT_NAME = "$(TARGET_NAME)";
				SWIFT_VERSION = 5.0;
				TARGETED_DEVICE_FAMILY = "1,2";
			};
			name = Release;
		};
		8F4A621325546A8800F59C73 /* Debug */ = {
			isa = XCBuildConfiguration;
			buildSettings = {
				ALWAYS_EMBED_SWIFT_STANDARD_LIBRARIES = YES;
				BUNDLE_LOADER = "$(TEST_HOST)";
				CODE_SIGN_STYLE = Automatic;
				INFOPLIST_FILE = DaPVGTests/Info.plist;
				IPHONEOS_DEPLOYMENT_TARGET = 14.1;
				LD_RUNPATH_SEARCH_PATHS = (
					"$(inherited)",
					"@executable_path/Frameworks",
					"@loader_path/Frameworks",
				);
				PRODUCT_BUNDLE_IDENTIFIER = projects.DaPVGTests;
				PRODUCT_NAME = "$(TARGET_NAME)";
				SWIFT_VERSION = 5.0;
				TARGETED_DEVICE_FAMILY = "1,2";
				TEST_HOST = "$(BUILT_PRODUCTS_DIR)/DaPVG.app/DaPVG";
			};
			name = Debug;
		};
		8F4A621425546A8800F59C73 /* Release */ = {
			isa = XCBuildConfiguration;
			buildSettings = {
				ALWAYS_EMBED_SWIFT_STANDARD_LIBRARIES = YES;
				BUNDLE_LOADER = "$(TEST_HOST)";
				CODE_SIGN_STYLE = Automatic;
				INFOPLIST_FILE = DaPVGTests/Info.plist;
				IPHONEOS_DEPLOYMENT_TARGET = 14.1;
				LD_RUNPATH_SEARCH_PATHS = (
					"$(inherited)",
					"@executable_path/Frameworks",
					"@loader_path/Frameworks",
				);
				PRODUCT_BUNDLE_IDENTIFIER = projects.DaPVGTests;
				PRODUCT_NAME = "$(TARGET_NAME)";
				SWIFT_VERSION = 5.0;
				TARGETED_DEVICE_FAMILY = "1,2";
				TEST_HOST = "$(BUILT_PRODUCTS_DIR)/DaPVG.app/DaPVG";
			};
			name = Release;
		};
		8F4A621625546A8800F59C73 /* Debug */ = {
			isa = XCBuildConfiguration;
			buildSettings = {
				ALWAYS_EMBED_SWIFT_STANDARD_LIBRARIES = YES;
				CODE_SIGN_STYLE = Automatic;
				INFOPLIST_FILE = DaPVGUITests/Info.plist;
				LD_RUNPATH_SEARCH_PATHS = (
					"$(inherited)",
					"@executable_path/Frameworks",
					"@loader_path/Frameworks",
				);
				PRODUCT_BUNDLE_IDENTIFIER = projects.DaPVGUITests;
				PRODUCT_NAME = "$(TARGET_NAME)";
				SWIFT_VERSION = 5.0;
				TARGETED_DEVICE_FAMILY = "1,2";
				TEST_TARGET_NAME = DaPVG;
			};
			name = Debug;
		};
		8F4A621725546A8800F59C73 /* Release */ = {
			isa = XCBuildConfiguration;
			buildSettings = {
				ALWAYS_EMBED_SWIFT_STANDARD_LIBRARIES = YES;
				CODE_SIGN_STYLE = Automatic;
				INFOPLIST_FILE = DaPVGUITests/Info.plist;
				LD_RUNPATH_SEARCH_PATHS = (
					"$(inherited)",
					"@executable_path/Frameworks",
					"@loader_path/Frameworks",
				);
				PRODUCT_BUNDLE_IDENTIFIER = projects.DaPVGUITests;
				PRODUCT_NAME = "$(TARGET_NAME)";
				SWIFT_VERSION = 5.0;
				TARGETED_DEVICE_FAMILY = "1,2";
				TEST_TARGET_NAME = DaPVG;
			};
			name = Release;
		};
/* End XCBuildConfiguration section */

/* Begin XCConfigurationList section */
		8F4A61DF25546A8700F59C73 /* Build configuration list for PBXProject "DaPVG" */ = {
			isa = XCConfigurationList;
			buildConfigurations = (
				8F4A620D25546A8800F59C73 /* Debug */,
				8F4A620E25546A8800F59C73 /* Release */,
			);
			defaultConfigurationIsVisible = 0;
			defaultConfigurationName = Release;
		};
		8F4A620F25546A8800F59C73 /* Build configuration list for PBXNativeTarget "DaPVG" */ = {
			isa = XCConfigurationList;
			buildConfigurations = (
				8F4A621025546A8800F59C73 /* Debug */,
				8F4A621125546A8800F59C73 /* Release */,
			);
			defaultConfigurationIsVisible = 0;
			defaultConfigurationName = Release;
		};
		8F4A621225546A8800F59C73 /* Build configuration list for PBXNativeTarget "DaPVGTests" */ = {
			isa = XCConfigurationList;
			buildConfigurations = (
				8F4A621325546A8800F59C73 /* Debug */,
				8F4A621425546A8800F59C73 /* Release */,
			);
			defaultConfigurationIsVisible = 0;
			defaultConfigurationName = Release;
		};
		8F4A621525546A8800F59C73 /* Build configuration list for PBXNativeTarget "DaPVGUITests" */ = {
			isa = XCConfigurationList;
			buildConfigurations = (
				8F4A621625546A8800F59C73 /* Debug */,
				8F4A621725546A8800F59C73 /* Release */,
			);
			defaultConfigurationIsVisible = 0;
			defaultConfigurationName = Release;
		};
/* End XCConfigurationList section */
	};
	rootObject = 8F4A61DC25546A8700F59C73 /* Project object */;
}
